
Microsoft Visual Studio Solution File, Format Version 12.00
# Visual Studio Version 17
VisualStudioVersion = 17.12.35527.113
MinimumVisualStudioVersion = 10.0.40219.1
Project("{FAE04EC0-301F-11D3-BF4B-00C04F79EFBC}") = "01_MainSubjects", "01_MainSubjects\01_MainSubjects.csproj", "{A2D23388-01BB-4598-9657-B042CD3DCA19}"
EndProject
Project("{FAE04EC0-301F-11D3-BF4B-00C04F79EFBC}") = "02_Veriables", "02_Veriables\02_Veriables.csproj", "{587B99C1-BEE7-4C11-A289-06D0E1F4A93B}"
EndProject
Project("{FAE04EC0-301F-11D3-BF4B-00C04F79EFBC}") = "03_MakingDecision", "03_MakingDecision\03_MakingDecision.csproj", "{43BD8510-BB97-441B-8236-9339A9781470}"
EndProject
Project("{FAE04EC0-301F-11D3-BF4B-00C04F79EFBC}") = "04_Loops", "04_Loops\04_Loops.csproj", "{75E162B4-2A64-4D32-B1BA-D2521F9B004A}"
EndProject
Project("{FAE04EC0-301F-11D3-BF4B-00C04F79EFBC}") = "05_LoopsWithStars", "05_LoopsWithStars\05_LoopsWithStars.csproj", "{CA54FF3A-1A4F-44D0-A0CE-32968906131A}"
EndProject
Project("{FAE04EC0-301F-11D3-BF4B-00C04F79EFBC}") = "06_Arrays", "06_Arrays\06_Arrays.csproj", "{441A63F5-C86D-4B7D-99A4-0E79FB2C016C}"
EndProject
Project("{FAE04EC0-301F-11D3-BF4B-00C04F79EFBC}") = "07_ForeachLoop", "07_ForeachLoop\07_ForeachLoop.csproj", "{E02F83E6-3DE0-4FC7-8B72-1D5CFFFC672D}"
EndProject
Project("{FAE04EC0-301F-11D3-BF4B-00C04F79EFBC}") = "08_Methods", "08_Methods\08_Methods.csproj", "{6623BF0B-B37C-4264-8199-44A1907B310C}"
EndProject
Project("{FAE04EC0-301F-11D3-BF4B-00C04F79EFBC}") = "09_DatabaseProject", "09_DatabaseProject\09_DatabaseProject.csproj", "{6A282857-7B13-4ECA-BFA7-6CB4A6EB889B}"
EndProject
Global
	GlobalSection(SolutionConfigurationPlatforms) = preSolution
		Debug|Any CPU = Debug|Any CPU
		Release|Any CPU = Release|Any CPU
	EndGlobalSection
	GlobalSection(ProjectConfigurationPlatforms) = postSolution
		{A2D23388-01BB-4598-9657-B042CD3DCA19}.Debug|Any CPU.ActiveCfg = Debug|Any CPU
		{A2D23388-01BB-4598-9657-B042CD3DCA19}.Debug|Any CPU.Build.0 = Debug|Any CPU
		{A2D23388-01BB-4598-9657-B042CD3DCA19}.Release|Any CPU.ActiveCfg = Release|Any CPU
		{A2D23388-01BB-4598-9657-B042CD3DCA19}.Release|Any CPU.Build.0 = Release|Any CPU
		{587B99C1-BEE7-4C11-A289-06D0E1F4A93B}.Debug|Any CPU.ActiveCfg = Debug|Any CPU
		{587B99C1-BEE7-4C11-A289-06D0E1F4A93B}.Debug|Any CPU.Build.0 = Debug|Any CPU
		{587B99C1-BEE7-4C11-A289-06D0E1F4A93B}.Release|Any CPU.ActiveCfg = Release|Any CPU
		{587B99C1-BEE7-4C11-A289-06D0E1F4A93B}.Release|Any CPU.Build.0 = Release|Any CPU
		{43BD8510-BB97-441B-8236-9339A9781470}.Debug|Any CPU.ActiveCfg = Debug|Any CPU
		{43BD8510-BB97-441B-8236-9339A9781470}.Debug|Any CPU.Build.0 = Debug|Any CPU
		{43BD8510-BB97-441B-8236-9339A9781470}.Release|Any CPU.ActiveCfg = Release|Any CPU
		{43BD8510-BB97-441B-8236-9339A9781470}.Release|Any CPU.Build.0 = Release|Any CPU
		{75E162B4-2A64-4D32-B1BA-D2521F9B004A}.Debug|Any CPU.ActiveCfg = Debug|Any CPU
		{75E162B4-2A64-4D32-B1BA-D2521F9B004A}.Debug|Any CPU.Build.0 = Debug|Any CPU
		{75E162B4-2A64-4D32-B1BA-D2521F9B004A}.Release|Any CPU.ActiveCfg = Release|Any CPU
		{75E162B4-2A64-4D32-B1BA-D2521F9B004A}.Release|Any CPU.Build.0 = Release|Any CPU
		{CA54FF3A-1A4F-44D0-A0CE-32968906131A}.Debug|Any CPU.ActiveCfg = Debug|Any CPU
		{CA54FF3A-1A4F-44D0-A0CE-32968906131A}.Debug|Any CPU.Build.0 = Debug|Any CPU
		{CA54FF3A-1A4F-44D0-A0CE-32968906131A}.Release|Any CPU.ActiveCfg = Release|Any CPU
		{CA54FF3A-1A4F-44D0-A0CE-32968906131A}.Release|Any CPU.Build.0 = Release|Any CPU
		{441A63F5-C86D-4B7D-99A4-0E79FB2C016C}.Debug|Any CPU.ActiveCfg = Debug|Any CPU
		{441A63F5-C86D-4B7D-99A4-0E79FB2C016C}.Debug|Any CPU.Build.0 = Debug|Any CPU
		{441A63F5-C86D-4B7D-99A4-0E79FB2C016C}.Release|Any CPU.ActiveCfg = Release|Any CPU
		{441A63F5-C86D-4B7D-99A4-0E79FB2C016C}.Release|Any CPU.Build.0 = Release|Any CPU
		{E02F83E6-3DE0-4FC7-8B72-1D5CFFFC672D}.Debug|Any CPU.ActiveCfg = Debug|Any CPU
		{E02F83E6-3DE0-4FC7-8B72-1D5CFFFC672D}.Debug|Any CPU.Build.0 = Debug|Any CPU
		{E02F83E6-3DE0-4FC7-8B72-1D5CFFFC672D}.Release|Any CPU.ActiveCfg = Release|Any CPU
		{E02F83E6-3DE0-4FC7-8B72-1D5CFFFC672D}.Release|Any CPU.Build.0 = Release|Any CPU
		{6623BF0B-B37C-4264-8199-44A1907B310C}.Debug|Any CPU.ActiveCfg = Debug|Any CPU
		{6623BF0B-B37C-4264-8199-44A1907B310C}.Debug|Any CPU.Build.0 = Debug|Any CPU
		{6623BF0B-B37C-4264-8199-44A1907B310C}.Release|Any CPU.ActiveCfg = Release|Any CPU
		{6623BF0B-B37C-4264-8199-44A1907B310C}.Release|Any CPU.Build.0 = Release|Any CPU
		{6A282857-7B13-4ECA-BFA7-6CB4A6EB889B}.Debug|Any CPU.ActiveCfg = Debug|Any CPU
		{6A282857-7B13-4ECA-BFA7-6CB4A6EB889B}.Debug|Any CPU.Build.0 = Debug|Any CPU
		{6A282857-7B13-4ECA-BFA7-6CB4A6EB889B}.Release|Any CPU.ActiveCfg = Release|Any CPU
		{6A282857-7B13-4ECA-BFA7-6CB4A6EB889B}.Release|Any CPU.Build.0 = Release|Any CPU
	EndGlobalSection
	GlobalSection(SolutionProperties) = preSolution
		HideSolutionNode = FALSE
	EndGlobalSection
EndGlobal
